// !$*UTF8*$!
{
	archiveVersion = 1;
	classes = {
	};
	objectVersion = 46;
	objects = {

/* Begin PBXBuildFile section */
		3F0BEC572095F54500A15723 /* MapKit.framework in Frameworks */ = {isa = PBXBuildFile; fileRef = 3F0BEC562095F54500A15723 /* MapKit.framework */; };
		3FD8D81B208CACCB008A7C97 /* AppDelegate.swift in Sources */ = {isa = PBXBuildFile; fileRef = 3FD8D81A208CACCB008A7C97 /* AppDelegate.swift */; };
		3FD8D81D208CACCB008A7C97 /* ViewController.swift in Sources */ = {isa = PBXBuildFile; fileRef = 3FD8D81C208CACCB008A7C97 /* ViewController.swift */; };
		3FD8D820208CACCB008A7C97 /* Main.storyboard in Resources */ = {isa = PBXBuildFile; fileRef = 3FD8D81E208CACCB008A7C97 /* Main.storyboard */; };
		3FD8D823208CACCB008A7C97 /* Mike_Dhoore_S2IT_werkstuk2.xcdatamodeld in Sources */ = {isa = PBXBuildFile; fileRef = 3FD8D821208CACCB008A7C97 /* Mike_Dhoore_S2IT_werkstuk2.xcdatamodeld */; };
		3FD8D825208CACCB008A7C97 /* Assets.xcassets in Resources */ = {isa = PBXBuildFile; fileRef = 3FD8D824208CACCB008A7C97 /* Assets.xcassets */; };
		3FD8D828208CACCB008A7C97 /* LaunchScreen.storyboard in Resources */ = {isa = PBXBuildFile; fileRef = 3FD8D826208CACCB008A7C97 /* LaunchScreen.storyboard */; };
/* End PBXBuildFile section */

/* Begin PBXFileReference section */
		3F0BEC562095F54500A15723 /* MapKit.framework */ = {isa = PBXFileReference; lastKnownFileType = wrapper.framework; name = MapKit.framework; path = System/Library/Frameworks/MapKit.framework; sourceTree = SDKROOT; };
		3FD8D817208CACCB008A7C97 /* Mike_Dhoore_S2IT_werkstuk2.app */ = {isa = PBXFileReference; explicitFileType = wrapper.application; includeInIndex = 0; path = Mike_Dhoore_S2IT_werkstuk2.app; sourceTree = BUILT_PRODUCTS_DIR; };
		3FD8D81A208CACCB008A7C97 /* AppDelegate.swift */ = {isa = PBXFileReference; lastKnownFileType = sourcecode.swift; path = AppDelegate.swift; sourceTree = "<group>"; };
		3FD8D81C208CACCB008A7C97 /* ViewController.swift */ = {isa = PBXFileReference; lastKnownFileType = sourcecode.swift; path = ViewController.swift; sourceTree = "<group>"; };
		3FD8D81F208CACCB008A7C97 /* Base */ = {isa = PBXFileReference; lastKnownFileType = file.storyboard; name = Base; path = Base.lproj/Main.storyboard; sourceTree = "<group>"; };
		3FD8D822208CACCB008A7C97 /* Mike_Dhoore_S2IT_werkstuk2.xcdatamodel */ = {isa = PBXFileReference; lastKnownFileType = wrapper.xcdatamodel; path = Mike_Dhoore_S2IT_werkstuk2.xcdatamodel; sourceTree = "<group>"; };
		3FD8D824208CACCB008A7C97 /* Assets.xcassets */ = {isa = PBXFileReference; lastKnownFileType = folder.assetcatalog; path = Assets.xcassets; sourceTree = "<group>"; };
		3FD8D827208CACCB008A7C97 /* Base */ = {isa = PBXFileReference; lastKnownFileType = file.storyboard; name = Base; path = Base.lproj/LaunchScreen.storyboard; sourceTree = "<group>"; };
		3FD8D829208CACCB008A7C97 /* Info.plist */ = {isa = PBXFileReference; lastKnownFileType = text.plist.xml; path = Info.plist; sourceTree = "<group>"; };
/* End PBXFileReference section */

/* Begin PBXFrameworksBuildPhase section */
		3FD8D814208CACCB008A7C97 /* Frameworks */ = {
			isa = PBXFrameworksBuildPhase;
			buildActionMask = 2147483647;
			files = (
				3F0BEC572095F54500A15723 /* MapKit.framework in Frameworks */,
			);
			runOnlyForDeploymentPostprocessing = 0;
		};
/* End PBXFrameworksBuildPhase section */

/* Begin PBXGroup section */
		3F0BEC552095F54500A15723 /* Frameworks */ = {
			isa = PBXGroup;
			children = (
				3F0BEC562095F54500A15723 /* MapKit.framework */,
			);
			name = Frameworks;
			sourceTree = "<group>";
		};
		3FD8D80E208CACCB008A7C97 = {
			isa = PBXGroup;
			children = (
				3FD8D819208CACCB008A7C97 /* Mike_Dhoore_S2IT_werkstuk2 */,
				3FD8D818208CACCB008A7C97 /* Products */,
				3F0BEC552095F54500A15723 /* Frameworks */,
			);
			sourceTree = "<group>";
		};
		3FD8D818208CACCB008A7C97 /* Products */ = {
			isa = PBXGroup;
			children = (
				3FD8D817208CACCB008A7C97 /* Mike_Dhoore_S2IT_werkstuk2.app */,
			);
			name = Products;
			sourceTree = "<group>";
		};
		3FD8D819208CACCB008A7C97 /* Mike_Dhoore_S2IT_werkstuk2 */ = {
			isa = PBXGroup;
			children = (
				3FD8D81A208CACCB008A7C97 /* AppDelegate.swift */,
				3FD8D81C208CACCB008A7C97 /* ViewController.swift */,
				3FD8D81E208CACCB008A7C97 /* Main.storyboard */,
				3FD8D824208CACCB008A7C97 /* Assets.xcassets */,
				3FD8D826208CACCB008A7C97 /* LaunchScreen.storyboard */,
				3FD8D829208CACCB008A7C97 /* Info.plist */,
				3FD8D821208CACCB008A7C97 /* Mike_Dhoore_S2IT_werkstuk2.xcdatamodeld */,
			);
			path = Mike_Dhoore_S2IT_werkstuk2;
			sourceTree = "<group>";
		};
/* End PBXGroup section */

/* Begin PBXNativeTarget section */
		3FD8D816208CACCB008A7C97 /* Mike_Dhoore_S2IT_werkstuk2 */ = {
			isa = PBXNativeTarget;
			buildConfigurationList = 3FD8D82C208CACCB008A7C97 /* Build configuration list for PBXNativeTarget "Mike_Dhoore_S2IT_werkstuk2" */;
			buildPhases = (
				3FD8D813208CACCB008A7C97 /* Sources */,
				3FD8D814208CACCB008A7C97 /* Frameworks */,
				3FD8D815208CACCB008A7C97 /* Resources */,
			);
			buildRules = (
			);
			dependencies = (
			);
			name = Mike_Dhoore_S2IT_werkstuk2;
			productName = Mike_Dhoore_S2IT_werkstuk2;
			productReference = 3FD8D817208CACCB008A7C97 /* Mike_Dhoore_S2IT_werkstuk2.app */;
			productType = "com.apple.product-type.application";
		};
/* End PBXNativeTarget section */

/* Begin PBXProject section */
		3FD8D80F208CACCB008A7C97 /* Project object */ = {
			isa = PBXProject;
			attributes = {
				LastSwiftUpdateCheck = 0820;
				LastUpgradeCheck = 0820;
				ORGANIZATIONNAME = "Mike Dhoore";
				TargetAttributes = {
					3FD8D816208CACCB008A7C97 = {
						CreatedOnToolsVersion = 8.2.1;
						ProvisioningStyle = Automatic;
						SystemCapabilities = {
							com.apple.Maps.iOS = {
								enabled = 1;
							};
						};
					};
				};
			};
			buildConfigurationList = 3FD8D812208CACCB008A7C97 /* Build configuration list for PBXProject "Mike_Dhoore_S2IT_werkstuk2" */;
			compatibilityVersion = "Xcode 3.2";
			developmentRegion = English;
			hasScannedForEncodings = 0;
			knownRegions = (
				en,
				Base,
			);
			mainGroup = 3FD8D80E208CACCB008A7C97;
			productRefGroup = 3FD8D818208CACCB008A7C97 /* Products */;
			projectDirPath = "";
			projectRoot = "";
			targets = (
				3FD8D816208CACCB008A7C97 /* Mike_Dhoore_S2IT_werkstuk2 */,
			);
		};
/* End PBXProject section */

/* Begin PBXResourcesBuildPhase section */
		3FD8D815208CACCB008A7C97 /* Resources */ = {
			isa = PBXResourcesBuildPhase;
			buildActionMask = 2147483647;
			files = (
				3FD8D828208CACCB008A7C97 /* LaunchScreen.storyboard in Resources */,
				3FD8D825208CACCB008A7C97 /* Assets.xcassets in Resources */,
				3FD8D820208CACCB008A7C97 /* Main.storyboard in Resources */,
			);
			runOnlyForDeploymentPostprocessing = 0;
		};
/* End PBXResourcesBuildPhase section */

/* Begin PBXSourcesBuildPhase section */
		3FD8D813208CACCB008A7C97 /* Sources */ = {
			isa = PBXSourcesBuildPhase;
			buildActionMask = 2147483647;
			files = (
				3FD8D823208CACCB008A7C97 /* Mike_Dhoore_S2IT_werkstuk2.xcdatamodeld in Sources */,
				3FD8D81D208CACCB008A7C97 /* ViewController.swift in Sources */,
				3FD8D81B208CACCB008A7C97 /* AppDelegate.swift in Sources */,
			);
			runOnlyForDeploymentPostprocessing = 0;
		};
/* End PBXSourcesBuildPhase section */

/* Begin PBXVariantGroup section */
		3FD8D81E208CACCB008A7C97 /* Main.storyboard */ = {
			isa = PBXVariantGroup;
			children = (
				3FD8D81F208CACCB008A7C97 /* Base */,
			);
			name = Main.storyboard;
			sourceTree = "<group>";
		};
		3FD8D826208CACCB008A7C97 /* LaunchScreen.storyboard */ = {
			isa = PBXVariantGroup;
			children = (
				3FD8D827208CACCB008A7C97 /* Base */,
			);
			name = LaunchScreen.storyboard;
			sourceTree = "<group>";
		};
/* End PBXVariantGroup section */

/* Begin XCBuildConfiguration section */
		3FD8D82A208CACCB008A7C97 /* Debug */ = {
			isa = XCBuildConfiguration;
			buildSettings = {
				ALWAYS_SEARCH_USER_PATHS = NO;
				CLANG_ANALYZER_NONNULL = YES;
				CLANG_CXX_LANGUAGE_STANDARD = "gnu++0x";
				CLANG_CXX_LIBRARY = "libc++";
				CLANG_ENABLE_MODULES = YES;
				CLANG_ENABLE_OBJC_ARC = YES;
				CLANG_WARN_BOOL_CONVERSION = YES;
				CLANG_WARN_CONSTANT_CONVERSION = YES;
				CLANG_WARN_DIRECT_OBJC_ISA_USAGE = YES_ERROR;
				CLANG_WARN_DOCUMENTATION_COMMENTS = YES;
				CLANG_WARN_EMPTY_BODY = YES;
				CLANG_WARN_ENUM_CONVERSION = YES;
				CLANG_WARN_INFINITE_RECURSION = YES;
				CLANG_WARN_INT_CONVERSION = YES;
				CLANG_WARN_OBJC_ROOT_CLASS = YES_ERROR;
				CLANG_WARN_SUSPICIOUS_MOVE = YES;
				CLANG_WARN_UNREACHABLE_CODE = YES;
				CLANG_WARN__DUPLICATE_METHOD_MATCH = YES;
				"CODE_SIGN_IDENTITY[sdk=iphoneos*]" = "iPhone Developer";
				COPY_PHASE_STRIP = NO;
				DEBUG_INFORMATION_FORMAT = dwarf;
				ENABLE_STRICT_OBJC_MSGSEND = YES;
				ENABLE_TESTABILITY = YES;
				GCC_C_LANGUAGE_STANDARD = gnu99;
				GCC_DYNAMIC_NO_PIC = NO;
				GCC_NO_COMMON_BLOCKS = YES;
				GCC_OPTIMIZATION_LEVEL = 0;
				GCC_PREPROCESSOR_DEFINITIONS = (
					"DEBUG=1",
					"$(inherited)",
				);
				GCC_WARN_64_TO_32_BIT_CONVERSION = YES;
				GCC_WARN_ABOUT_RETURN_TYPE = YES_ERROR;
				GCC_WARN_UNDECLARED_SELECTOR = YES;
				GCC_WARN_UNINITIALIZED_AUTOS = YES_AGGRESSIVE;
				GCC_WARN_UNUSED_FUNCTION = YES;
				GCC_WARN_UNUSED_VARIABLE = YES;
				IPHONEOS_DEPLOYMENT_TARGET = 10.2;
				MTL_ENABLE_DEBUG_INFO = YES;
				ONLY_ACTIVE_ARCH = YES;
				SDKROOT = iphoneos;
				SWIFT_ACTIVE_COMPILATION_CONDITIONS = DEBUG;
				SWIFT_OPTIMIZATION_LEVEL = "-Onone";
			};
			name = Debug;
		};
		3FD8D82B208CACCB008A7C97 /* Release */ = {
			isa = XCBuildConfiguration;
			buildSettings = {
				ALWAYS_SEARCH_USER_PATHS = NO;
				CLANG_ANALYZER_NONNULL = YES;
				CLANG_CXX_LANGUAGE_STANDARD = "gnu++0x";
				CLANG_CXX_LIBRARY = "libc++";
				CLANG_ENABLE_MODULES = YES;
				CLANG_ENABLE_OBJC_ARC = YES;
				CLANG_WARN_BOOL_CONVERSION = YES;
				CLANG_WARN_CONSTANT_CONVERSION = YES;
				CLANG_WARN_DIRECT_OBJC_ISA_USAGE = YES_ERROR;
				CLANG_WARN_DOCUMENTATION_COMMENTS = YES;
				CLANG_WARN_EMPTY_BODY = YES;
				CLANG_WARN_ENUM_CONVERSION = YES;
				CLANG_WARN_INFINITE_RECURSION = YES;
				CLANG_WARN_INT_CONVERSION = YES;
				CLANG_WARN_OBJC_ROOT_CLASS = YES_ERROR;
				CLANG_WARN_SUSPICIOUS_MOVE = YES;
				CLANG_WARN_UNREACHABLE_CODE = YES;
				CLANG_WARN__DUPLICATE_METHOD_MATCH = YES;
				"CODE_SIGN_IDENTITY[sdk=iphoneos*]" = "iPhone Developer";
				COPY_PHASE_STRIP = NO;
				DEBUG_INFORMATION_FORMAT = "dwarf-with-dsym";
				ENABLE_NS_ASSERTIONS = NO;
				ENABLE_STRICT_OBJC_MSGSEND = YES;
				GCC_C_LANGUAGE_STANDARD = gnu99;
				GCC_NO_COMMON_BLOCKS = YES;
				GCC_WARN_64_TO_32_BIT_CONVERSION = YES;
				GCC_WARN_ABOUT_RETURN_TYPE = YES_ERROR;
				GCC_WARN_UNDECLARED_SELECTOR = YES;
				GCC_WARN_UNINITIALIZED_AUTOS = YES_AGGRESSIVE;
				GCC_WARN_UNUSED_FUNCTION = YES;
				GCC_WARN_UNUSED_VARIABLE = YES;
				IPHONEOS_DEPLOYMENT_TARGET = 10.2;
				MTL_ENABLE_DEBUG_INFO = NO;
				SDKROOT = iphoneos;
				SWIFT_OPTIMIZATION_LEVEL = "-Owholemodule";
				VALIDATE_PRODUCT = YES;
			};
			name = Release;
		};
		3FD8D82D208CACCB008A7C97 /* Debug */ = {
			isa = XCBuildConfiguration;
			buildSettings = {
				ASSETCATALOG_COMPILER_APPICON_NAME = AppIcon;
				INFOPLIST_FILE = Mike_Dhoore_S2IT_werkstuk2/Info.plist;
				LD_RUNPATH_SEARCH_PATHS = "$(inherited) @executable_path/Frameworks";
				PRODUCT_BUNDLE_IDENTIFIER = "be.mikedhoore.Mike-Dhoore-S2IT-werkstuk2";
				PRODUCT_NAME = "$(TARGET_NAME)";
				SWIFT_VERSION = 3.0;
			};
			name = Debug;
		};
		3FD8D82E208CACCB008A7C97 /* Release */ = {
			isa = XCBuildConfiguration;
			buildSettings = {
				ASSETCATALOG_COMPILER_APPICON_NAME = AppIcon;
				INFOPLIST_FILE = Mike_Dhoore_S2IT_werkstuk2/Info.plist;
				LD_RUNPATH_SEARCH_PATHS = "$(inherited) @executable_path/Frameworks";
				PRODUCT_BUNDLE_IDENTIFIER = "be.mikedhoore.Mike-Dhoore-S2IT-werkstuk2";
				PRODUCT_NAME = "$(TARGET_NAME)";
				SWIFT_VERSION = 3.0;
			};
			name = Release;
		};
/* End XCBuildConfiguration section */

/* Begin XCConfigurationList section */
		3FD8D812208CACCB008A7C97 /* Build configuration list for PBXProject "Mike_Dhoore_S2IT_werkstuk2" */ = {
			isa = XCConfigurationList;
			buildConfigurations = (
				3FD8D82A208CACCB008A7C97 /* Debug */,
				3FD8D82B208CACCB008A7C97 /* Release */,
			);
			defaultConfigurationIsVisible = 0;
			defaultConfigurationName = Release;
		};
		3FD8D82C208CACCB008A7C97 /* Build configuration list for PBXNativeTarget "Mike_Dhoore_S2IT_werkstuk2" */ = {
			isa = XCConfigurationList;
			buildConfigurations = (
				3FD8D82D208CACCB008A7C97 /* Debug */,
				3FD8D82E208CACCB008A7C97 /* Release */,
			);
			defaultConfigurationIsVisible = 0;
			defaultConfigurationName = Release;
		};
/* End XCConfigurationList section */

/* Begin XCVersionGroup section */
		3FD8D821208CACCB008A7C97 /* Mike_Dhoore_S2IT_werkstuk2.xcdatamodeld */ = {
			isa = XCVersionGroup;
			children = (
				3FD8D822208CACCB008A7C97 /* Mike_Dhoore_S2IT_werkstuk2.xcdatamodel */,
			);
			currentVersion = 3FD8D822208CACCB008A7C97 /* Mike_Dhoore_S2IT_werkstuk2.xcdatamodel */;
			path = Mike_Dhoore_S2IT_werkstuk2.xcdatamodeld;
			sourceTree = "<group>";
			versionGroupType = wrapper.xcdatamodel;
		};
/* End XCVersionGroup section */
	};
	rootObject = 3FD8D80F208CACCB008A7C97 /* Project object */;
}
